// !$*UTF8*$!
{
	archiveVersion = 1;
	classes = {
	};
	objectVersion = 46;
	objects = {

/* Begin PBXBuildFile section */
		6602CBA2152662E400E62EA1 /* UIKit.framework in Frameworks */ = {isa = PBXBuildFile; fileRef = 6602CBA1152662E400E62EA1 /* UIKit.framework */; };
		6602CBA4152662E400E62EA1 /* Foundation.framework in Frameworks */ = {isa = PBXBuildFile; fileRef = 6602CBA3152662E400E62EA1 /* Foundation.framework */; };
		6602CBA6152662E400E62EA1 /* CoreGraphics.framework in Frameworks */ = {isa = PBXBuildFile; fileRef = 6602CBA5152662E400E62EA1 /* CoreGraphics.framework */; };
		6602CBAC152662E400E62EA1 /* InfoPlist.strings in Resources */ = {isa = PBXBuildFile; fileRef = 6602CBAA152662E400E62EA1 /* InfoPlist.strings */; };
		6602CBAE152662E400E62EA1 /* main.m in Sources */ = {isa = PBXBuildFile; fileRef = 6602CBAD152662E400E62EA1 /* main.m */; };
		6602CBB2152662E400E62EA1 /* AppDelegate.m in Sources */ = {isa = PBXBuildFile; fileRef = 6602CBB1152662E400E62EA1 /* AppDelegate.m */; };
		6602CBB5152662E400E62EA1 /* MainStoryboard.storyboard in Resources */ = {isa = PBXBuildFile; fileRef = 6602CBB3152662E400E62EA1 /* MainStoryboard.storyboard */; };
		6602CBB8152662E400E62EA1 /* ViewController.m in Sources */ = {isa = PBXBuildFile; fileRef = 6602CBB7152662E400E62EA1 /* ViewController.m */; };
		6602CBC41526637500E62EA1 /* SecondViewController.m in Sources */ = {isa = PBXBuildFile; fileRef = 6602CBC31526637500E62EA1 /* SecondViewController.m */; };
		6602CBC61526641700E62EA1 /* DataSendSBReadMe.txt in Resources */ = {isa = PBXBuildFile; fileRef = 6602CBC51526641700E62EA1 /* DataSendSBReadMe.txt */; };
/* End PBXBuildFile section */

/* Begin PBXFileReference section */
		6602CB9D152662E400E62EA1 /* SBDataSend.app */ = {isa = PBXFileReference; explicitFileType = wrapper.application; includeInIndex = 0; path = SBDataSend.app; sourceTree = BUILT_PRODUCTS_DIR; };
		6602CBA1152662E400E62EA1 /* UIKit.framework */ = {isa = PBXFileReference; lastKnownFileType = wrapper.framework; name = UIKit.framework; path = System/Library/Frameworks/UIKit.framework; sourceTree = SDKROOT; };
		6602CBA3152662E400E62EA1 /* Foundation.framework */ = {isa = PBXFileReference; lastKnownFileType = wrapper.framework; name = Foundation.framework; path = System/Library/Frameworks/Foundation.framework; sourceTree = SDKROOT; };
		6602CBA5152662E400E62EA1 /* CoreGraphics.framework */ = {isa = PBXFileReference; lastKnownFileType = wrapper.framework; name = CoreGraphics.framework; path = System/Library/Frameworks/CoreGraphics.framework; sourceTree = SDKROOT; };
		6602CBA9152662E400E62EA1 /* SBDataSend-Info.plist */ = {isa = PBXFileReference; lastKnownFileType = text.plist.xml; path = "SBDataSend-Info.plist"; sourceTree = "<group>"; };
		6602CBAB152662E400E62EA1 /* en */ = {isa = PBXFileReference; lastKnownFileType = text.plist.strings; name = en; path = en.lproj/InfoPlist.strings; sourceTree = "<group>"; };
		6602CBAD152662E400E62EA1 /* main.m */ = {isa = PBXFileReference; lastKnownFileType = sourcecode.c.objc; path = main.m; sourceTree = "<group>"; };
		6602CBAF152662E400E62EA1 /* SBDataSend-Prefix.pch */ = {isa = PBXFileReference; lastKnownFileType = sourcecode.c.h; path = "SBDataSend-Prefix.pch"; sourceTree = "<group>"; };
		6602CBB0152662E400E62EA1 /* AppDelegate.h */ = {isa = PBXFileReference; lastKnownFileType = sourcecode.c.h; path = AppDelegate.h; sourceTree = "<group>"; };
		6602CBB1152662E400E62EA1 /* AppDelegate.m */ = {isa = PBXFileReference; lastKnownFileType = sourcecode.c.objc; path = AppDelegate.m; sourceTree = "<group>"; };
		6602CBB4152662E400E62EA1 /* en */ = {isa = PBXFileReference; lastKnownFileType = file.storyboard; name = en; path = en.lproj/MainStoryboard.storyboard; sourceTree = "<group>"; };
		6602CBB6152662E400E62EA1 /* ViewController.h */ = {isa = PBXFileReference; lastKnownFileType = sourcecode.c.h; path = ViewController.h; sourceTree = "<group>"; };
		6602CBB7152662E400E62EA1 /* ViewController.m */ = {isa = PBXFileReference; lastKnownFileType = sourcecode.c.objc; path = ViewController.m; sourceTree = "<group>"; };
		6602CBC21526637500E62EA1 /* SecondViewController.h */ = {isa = PBXFileReference; fileEncoding = 4; lastKnownFileType = sourcecode.c.h; path = SecondViewController.h; sourceTree = "<group>"; };
		6602CBC31526637500E62EA1 /* SecondViewController.m */ = {isa = PBXFileReference; fileEncoding = 4; lastKnownFileType = sourcecode.c.objc; path = SecondViewController.m; sourceTree = "<group>"; };
		6602CBC51526641700E62EA1 /* DataSendSBReadMe.txt */ = {isa = PBXFileReference; fileEncoding = 4; lastKnownFileType = text; path = DataSendSBReadMe.txt; sourceTree = "<group>"; };
/* End PBXFileReference section */

/* Begin PBXFrameworksBuildPhase section */
		6602CB9A152662E400E62EA1 /* Frameworks */ = {
			isa = PBXFrameworksBuildPhase;
			buildActionMask = 2147483647;
			files = (
				6602CBA2152662E400E62EA1 /* UIKit.framework in Frameworks */,
				6602CBA4152662E400E62EA1 /* Foundation.framework in Frameworks */,
				6602CBA6152662E400E62EA1 /* CoreGraphics.framework in Frameworks */,
			);
			runOnlyForDeploymentPostprocessing = 0;
		};
/* End PBXFrameworksBuildPhase section */

/* Begin PBXGroup section */
		6602CB92152662E400E62EA1 = {
			isa = PBXGroup;
			children = (
				6602CBA7152662E400E62EA1 /* SBDataSend */,
				6602CBA0152662E400E62EA1 /* Frameworks */,
				6602CB9E152662E400E62EA1 /* Products */,
			);
			sourceTree = "<group>";
		};
		6602CB9E152662E400E62EA1 /* Products */ = {
			isa = PBXGroup;
			children = (
				6602CB9D152662E400E62EA1 /* SBDataSend.app */,
			);
			name = Products;
			sourceTree = "<group>";
		};
		6602CBA0152662E400E62EA1 /* Frameworks */ = {
			isa = PBXGroup;
			children = (
				6602CBA1152662E400E62EA1 /* UIKit.framework */,
				6602CBA3152662E400E62EA1 /* Foundation.framework */,
				6602CBA5152662E400E62EA1 /* CoreGraphics.framework */,
			);
			name = Frameworks;
			sourceTree = "<group>";
		};
		6602CBA7152662E400E62EA1 /* SBDataSend */ = {
			isa = PBXGroup;
			children = (
				6602CBC51526641700E62EA1 /* DataSendSBReadMe.txt */,
				6602CBB0152662E400E62EA1 /* AppDelegate.h */,
				6602CBB1152662E400E62EA1 /* AppDelegate.m */,
				6602CBB3152662E400E62EA1 /* MainStoryboard.storyboard */,
				6602CBB6152662E400E62EA1 /* ViewController.h */,
				6602CBB7152662E400E62EA1 /* ViewController.m */,
				6602CBA8152662E400E62EA1 /* Supporting Files */,
				6602CBC21526637500E62EA1 /* SecondViewController.h */,
				6602CBC31526637500E62EA1 /* SecondViewController.m */,
			);
			path = SBDataSend;
			sourceTree = "<group>";
		};
		6602CBA8152662E400E62EA1 /* Supporting Files */ = {
			isa = PBXGroup;
			children = (
				6602CBA9152662E400E62EA1 /* SBDataSend-Info.plist */,
				6602CBAA152662E400E62EA1 /* InfoPlist.strings */,
				6602CBAD152662E400E62EA1 /* main.m */,
				6602CBAF152662E400E62EA1 /* SBDataSend-Prefix.pch */,
			);
			name = "Supporting Files";
			sourceTree = "<group>";
		};
/* End PBXGroup section */

/* Begin PBXNativeTarget section */
		6602CB9C152662E400E62EA1 /* SBDataSend */ = {
			isa = PBXNativeTarget;
			buildConfigurationList = 6602CBBB152662E400E62EA1 /* Build configuration list for PBXNativeTarget "SBDataSend" */;
			buildPhases = (
				6602CB99152662E400E62EA1 /* Sources */,
				6602CB9A152662E400E62EA1 /* Frameworks */,
				6602CB9B152662E400E62EA1 /* Resources */,
			);
			buildRules = (
			);
			dependencies = (
			);
			name = SBDataSend;
			productName = SBDataSend;
			productReference = 6602CB9D152662E400E62EA1 /* SBDataSend.app */;
			productType = "com.apple.product-type.application";
		};
/* End PBXNativeTarget section */

/* Begin PBXProject section */
		6602CB94152662E400E62EA1 /* Project object */ = {
			isa = PBXProject;
			attributes = {
				LastUpgradeCheck = 0420;
			};
			buildConfigurationList = 6602CB97152662E400E62EA1 /* Build configuration list for PBXProject "SBDataSend" */;
			compatibilityVersion = "Xcode 3.2";
			developmentRegion = English;
			hasScannedForEncodings = 0;
			knownRegions = (
				en,
			);
			mainGroup = 6602CB92152662E400E62EA1;
			productRefGroup = 6602CB9E152662E400E62EA1 /* Products */;
			projectDirPath = "";
			projectRoot = "";
			targets = (
				6602CB9C152662E400E62EA1 /* SBDataSend */,
			);
		};
/* End PBXProject section */

/* Begin PBXResourcesBuildPhase section */
		6602CB9B152662E400E62EA1 /* Resources */ = {
			isa = PBXResourcesBuildPhase;
			buildActionMask = 2147483647;
			files = (
				6602CBAC152662E400E62EA1 /* InfoPlist.strings in Resources */,
				6602CBB5152662E400E62EA1 /* MainStoryboard.storyboard in Resources */,
				6602CBC61526641700E62EA1 /* DataSendSBReadMe.txt in Resources */,
			);
			runOnlyForDeploymentPostprocessing = 0;
		};
/* End PBXResourcesBuildPhase section */

/* Begin PBXSourcesBuildPhase section */
		6602CB99152662E400E62EA1 /* Sources */ = {
			isa = PBXSourcesBuildPhase;
			buildActionMask = 2147483647;
			files = (
				6602CBAE152662E400E62EA1 /* main.m in Sources */,
				6602CBB2152662E400E62EA1 /* AppDelegate.m in Sources */,
				6602CBB8152662E400E62EA1 /* ViewController.m in Sources */,
				6602CBC41526637500E62EA1 /* SecondViewController.m in Sources */,
			);
			runOnlyForDeploymentPostprocessing = 0;
		};
/* End PBXSourcesBuildPhase section */

/* Begin PBXVariantGroup section */
		6602CBAA152662E400E62EA1 /* InfoPlist.strings */ = {
			isa = PBXVariantGroup;
			children = (
				6602CBAB152662E400E62EA1 /* en */,
			);
			name = InfoPlist.strings;
			sourceTree = "<group>";
		};
		6602CBB3152662E400E62EA1 /* MainStoryboard.storyboard */ = {
			isa = PBXVariantGroup;
			children = (
				6602CBB4152662E400E62EA1 /* en */,
			);
			name = MainStoryboard.storyboard;
			sourceTree = "<group>";
		};
/* End PBXVariantGroup section */

/* Begin XCBuildConfiguration section */
		6602CBB9152662E400E62EA1 /* Debug */ = {
			isa = XCBuildConfiguration;
			buildSettings = {
				ALWAYS_SEARCH_USER_PATHS = NO;
				ARCHS = "$(ARCHS_STANDARD_32_BIT)";
				CLANG_ENABLE_OBJC_ARC = YES;
				"CODE_SIGN_IDENTITY[sdk=iphoneos*]" = "iPhone Developer";
				COPY_PHASE_STRIP = NO;
				GCC_C_LANGUAGE_STANDARD = gnu99;
				GCC_DYNAMIC_NO_PIC = NO;
				GCC_OPTIMIZATION_LEVEL = 0;
				GCC_PREPROCESSOR_DEFINITIONS = (
					"DEBUG=1",
					"$(inherited)",
				);
				GCC_SYMBOLS_PRIVATE_EXTERN = NO;
				GCC_VERSION = com.apple.compilers.llvm.clang.1_0;
				GCC_WARN_ABOUT_MISSING_PROTOTYPES = YES;
				GCC_WARN_ABOUT_RETURN_TYPE = YES;
				GCC_WARN_UNUSED_VARIABLE = YES;
				IPHONEOS_DEPLOYMENT_TARGET = 5.0;
				SDKROOT = iphoneos;
			};
			name = Debug;
		};
		6602CBBA152662E400E62EA1 /* Release */ = {
			isa = XCBuildConfiguration;
			buildSettings = {
				ALWAYS_SEARCH_USER_PATHS = NO;
				ARCHS = "$(ARCHS_STANDARD_32_BIT)";
				CLANG_ENABLE_OBJC_ARC = YES;
				"CODE_SIGN_IDENTITY[sdk=iphoneos*]" = "iPhone Developer";
				COPY_PHASE_STRIP = YES;
				GCC_C_LANGUAGE_STANDARD = gnu99;
				GCC_VERSION = com.apple.compilers.llvm.clang.1_0;
				GCC_WARN_ABOUT_MISSING_PROTOTYPES = YES;
				GCC_WARN_ABOUT_RETURN_TYPE = YES;
				GCC_WARN_UNUSED_VARIABLE = YES;
				IPHONEOS_DEPLOYMENT_TARGET = 5.0;
				OTHER_CFLAGS = "-DNS_BLOCK_ASSERTIONS=1";
				SDKROOT = iphoneos;
				VALIDATE_PRODUCT = YES;
			};
			name = Release;
		};
		6602CBBC152662E400E62EA1 /* Debug */ = {
			isa = XCBuildConfiguration;
			buildSettings = {
				GCC_PRECOMPILE_PREFIX_HEADER = YES;
				GCC_PREFIX_HEADER = "SBDataSend/SBDataSend-Prefix.pch";
				INFOPLIST_FILE = "SBDataSend/SBDataSend-Info.plist";
				PRODUCT_NAME = "$(TARGET_NAME)";
				WRAPPER_EXTENSION = app;
			};
			name = Debug;
		};
		6602CBBD152662E400E62EA1 /* Release */ = {
			isa = XCBuildConfiguration;
			buildSettings = {
				GCC_PRECOMPILE_PREFIX_HEADER = YES;
				GCC_PREFIX_HEADER = "SBDataSend/SBDataSend-Prefix.pch";
				INFOPLIST_FILE = "SBDataSend/SBDataSend-Info.plist";
				PRODUCT_NAME = "$(TARGET_NAME)";
				WRAPPER_EXTENSION = app;
			};
			name = Release;
		};
/* End XCBuildConfiguration section */

/* Begin XCConfigurationList section */
		6602CB97152662E400E62EA1 /* Build configuration list for PBXProject "SBDataSend" */ = {
			isa = XCConfigurationList;
			buildConfigurations = (
				6602CBB9152662E400E62EA1 /* Debug */,
				6602CBBA152662E400E62EA1 /* Release */,
			);
			defaultConfigurationIsVisible = 0;
			defaultConfigurationName = Release;
		};
		6602CBBB152662E400E62EA1 /* Build configuration list for PBXNativeTarget "SBDataSend" */ = {
			isa = XCConfigurationList;
			buildConfigurations = (
				6602CBBC152662E400E62EA1 /* Debug */,
				6602CBBD152662E400E62EA1 /* Release */,
			);
			defaultConfigurationIsVisible = 0;
		};
/* End XCConfigurationList section */
	};
	rootObject = 6602CB94152662E400E62EA1 /* Project object */;
}
